
Microsoft Visual Studio Solution File, Format Version 12.00
# Visual Studio Version 16
VisualStudioVersion = 16.0.31613.86
MinimumVisualStudioVersion = 10.0.40219.1
Project("{FAE04EC0-301F-11D3-BF4B-00C04F79EFBC}") = "RunCalculator", "RunCalculator.csproj", "{31F329E3-8205-4E4C-B75D-1730DBEE48D5}"
EndProject
Global
	GlobalSection(SolutionConfigurationPlatforms) = preSolution
		Debug|Any CPU = Debug|Any CPU
		Release|Any CPU = Release|Any CPU
	EndGlobalSection
	GlobalSection(ProjectConfigurationPlatforms) = postSolution
		{31F329E3-8205-4E4C-B75D-1730DBEE48D5}.Debug|Any CPU.ActiveCfg = Debug|Any CPU
		{31F329E3-8205-4E4C-B75D-1730DBEE48D5}.Debug|Any CPU.Build.0 = Debug|Any CPU
		{31F329E3-8205-4E4C-B75D-1730DBEE48D5}.Release|Any CPU.ActiveCfg = Release|Any CPU
		{31F329E3-8205-4E4C-B75D-1730DBEE48D5}.Release|Any CPU.Build.0 = Release|Any CPU
	EndGlobalSection
	GlobalSection(SolutionProperties) = preSolution
		HideSolutionNode = FALSE
	EndGlobalSection
	GlobalSection(ExtensibilityGlobals) = postSolution
		SolutionGuid = {B3329C50-CE77-4EE4-B3AC-FFCCE20958AB}
	EndGlobalSection
EndGlobal
